// !$*UTF8*$!
{
	archiveVersion = 1;
	classes = {
	};
	objectVersion = 46;
	objects = {

/* Begin PBXBuildFile section */
		49134FC0194C66EF00250042 /* SPMInformationTableViewController.m in Sources */ = {isa = PBXBuildFile; fileRef = 49134FBF194C66EF00250042 /* SPMInformationTableViewController.m */; };
		49A9CE1C1986DEFE00BB1196 /* ArcGIS.bundle in Resources */ = {isa = PBXBuildFile; fileRef = 49A9CE1B1986DEFE00BB1196 /* ArcGIS.bundle */; };
		49B093D81B689D92000960CB /* libFlurry_6.5.0.a in Frameworks */ = {isa = PBXBuildFile; fileRef = 49B093D71B689D92000960CB /* libFlurry_6.5.0.a */; };
		49C23FF2198490CE00898148 /* Security.framework in Frameworks */ = {isa = PBXBuildFile; fileRef = 49C23FF1198490CE00898148 /* Security.framework */; };
		49C23FF4198490D300898148 /* SystemConfiguration.framework in Frameworks */ = {isa = PBXBuildFile; fileRef = 49C23FF3198490D300898148 /* SystemConfiguration.framework */; };
		49C23FF91984B12F00898148 /* Main.storyboard in Resources */ = {isa = PBXBuildFile; fileRef = 8F78E8821941288B006B8217 /* Main.storyboard */; };
		49C23FFC1984B1CF00898148 /* Main.storyboard in Resources */ = {isa = PBXBuildFile; fileRef = 8F78E8821941288B006B8217 /* Main.storyboard */; };
		8F78E8711941288B006B8217 /* Foundation.framework in Frameworks */ = {isa = PBXBuildFile; fileRef = 8F78E8701941288B006B8217 /* Foundation.framework */; };
		8F78E8731941288B006B8217 /* CoreGraphics.framework in Frameworks */ = {isa = PBXBuildFile; fileRef = 8F78E8721941288B006B8217 /* CoreGraphics.framework */; };
		8F78E8751941288B006B8217 /* UIKit.framework in Frameworks */ = {isa = PBXBuildFile; fileRef = 8F78E8741941288B006B8217 /* UIKit.framework */; };
		8F78E87B1941288B006B8217 /* InfoPlist.strings in Resources */ = {isa = PBXBuildFile; fileRef = 8F78E8791941288B006B8217 /* InfoPlist.strings */; };
		8F78E87D1941288B006B8217 /* main.m in Sources */ = {isa = PBXBuildFile; fileRef = 8F78E87C1941288B006B8217 /* main.m */; };
		8F78E8811941288B006B8217 /* SPMAppDelegate.m in Sources */ = {isa = PBXBuildFile; fileRef = 8F78E8801941288B006B8217 /* SPMAppDelegate.m */; };
		8F78E88C1941288B006B8217 /* Images.xcassets in Resources */ = {isa = PBXBuildFile; fileRef = 8F78E88B1941288B006B8217 /* Images.xcassets */; };
		8F78E8941941288B006B8217 /* Foundation.framework in Frameworks */ = {isa = PBXBuildFile; fileRef = 8F78E8701941288B006B8217 /* Foundation.framework */; };
		8F78E8951941288B006B8217 /* UIKit.framework in Frameworks */ = {isa = PBXBuildFile; fileRef = 8F78E8741941288B006B8217 /* UIKit.framework */; };
		8F78E89D1941288B006B8217 /* InfoPlist.strings in Resources */ = {isa = PBXBuildFile; fileRef = 8F78E89B1941288B006B8217 /* InfoPlist.strings */; };
		8F78E89F1941288B006B8217 /* SeattleParkingMapTests.m in Sources */ = {isa = PBXBuildFile; fileRef = 8F78E89E1941288B006B8217 /* SeattleParkingMapTests.m */; };
		8F78E8AA19412AC9006B8217 /* SPMRootViewController.m in Sources */ = {isa = PBXBuildFile; fileRef = 8F78E8891941288B006B8217 /* SPMRootViewController.m */; };
/* End PBXBuildFile section */

/* Begin PBXContainerItemProxy section */
		8F78E8961941288B006B8217 /* PBXContainerItemProxy */ = {
			isa = PBXContainerItemProxy;
			containerPortal = 8F78E8651941288A006B8217 /* Project object */;
			proxyType = 1;
			remoteGlobalIDString = 8F78E86C1941288B006B8217;
			remoteInfo = "Seattle Parking Map";
		};
/* End PBXContainerItemProxy section */

/* Begin PBXFileReference section */
		49134FBE194C66EF00250042 /* SPMInformationTableViewController.h */ = {isa = PBXFileReference; fileEncoding = 4; lastKnownFileType = sourcecode.c.h; path = SPMInformationTableViewController.h; sourceTree = "<group>"; };
		49134FBF194C66EF00250042 /* SPMInformationTableViewController.m */ = {isa = PBXFileReference; fileEncoding = 4; lastKnownFileType = sourcecode.c.objc; path = SPMInformationTableViewController.m; sourceTree = "<group>"; };
		49134FC3194CE2DF00250042 /* SPMMapActivityProvider.h */ = {isa = PBXFileReference; fileEncoding = 4; lastKnownFileType = sourcecode.c.h; path = SPMMapActivityProvider.h; sourceTree = "<group>"; };
		49134FC4194CE2DF00250042 /* SPMMapActivityProvider.m */ = {isa = PBXFileReference; fileEncoding = 4; lastKnownFileType = sourcecode.c.objc; path = SPMMapActivityProvider.m; sourceTree = "<group>"; };
		494A2DFD19821B5700ADAC90 /* Base */ = {isa = PBXFileReference; lastKnownFileType = file.storyboard; name = Base; path = Base.lproj/Main_All_Buttons.storyboard; sourceTree = "<group>"; };
		494A2DFF19822FBC00ADAC90 /* README.md */ = {isa = PBXFileReference; fileEncoding = 4; lastKnownFileType = text; path = README.md; sourceTree = "<group>"; };
		494A2E01198230AF00ADAC90 /* Outside Map Area.gpx */ = {isa = PBXFileReference; fileEncoding = 4; lastKnownFileType = text.xml; path = "Outside Map Area.gpx"; sourceTree = "<group>"; };
		494A2E03198237A400ADAC90 /* Outside Seattle Area.gpx */ = {isa = PBXFileReference; lastKnownFileType = text.xml; path = "Outside Seattle Area.gpx"; sourceTree = "<group>"; };
		49A9CE1B1986DEFE00BB1196 /* ArcGIS.bundle */ = {isa = PBXFileReference; lastKnownFileType = "wrapper.plug-in"; name = ArcGIS.bundle; path = "/Users/marc/Projects/SeattleParkingMap/Seattle Parking Map/../../../Library/SDKs/ArcGIS/iOS/ArcGIS.framework/Versions/Current/Resources/ArcGIS.bundle"; sourceTree = "<absolute>"; };
		49A9CE1D1986F6B300BB1196 /* CHANGELOG.md */ = {isa = PBXFileReference; fileEncoding = 4; lastKnownFileType = text; path = CHANGELOG.md; sourceTree = "<group>"; };
		49B093D71B689D92000960CB /* libFlurry_6.5.0.a */ = {isa = PBXFileReference; lastKnownFileType = archive.ar; path = libFlurry_6.5.0.a; sourceTree = "<group>"; };
		49B093D91B689D96000960CB /* FlurryWatch.h */ = {isa = PBXFileReference; lastKnownFileType = sourcecode.c.h; path = FlurryWatch.h; sourceTree = "<group>"; };
		49C23FEE19846F2600898148 /* SPMConstants.h */ = {isa = PBXFileReference; fileEncoding = 4; lastKnownFileType = sourcecode.c.h; path = SPMConstants.h; sourceTree = "<group>"; };
		49C23FEF19847D5900898148 /* Inside Seattle Screenshot Curent Location.gpx */ = {isa = PBXFileReference; lastKnownFileType = text.xml; path = "Inside Seattle Screenshot Curent Location.gpx"; sourceTree = "<group>"; };
		49C23FF019847DE100898148 /* Inside Seattle Screenshot Parking.gpx */ = {isa = PBXFileReference; lastKnownFileType = text.xml; path = "Inside Seattle Screenshot Parking.gpx"; sourceTree = "<group>"; };
		49C23FF1198490CE00898148 /* Security.framework */ = {isa = PBXFileReference; lastKnownFileType = wrapper.framework; name = Security.framework; path = System/Library/Frameworks/Security.framework; sourceTree = SDKROOT; };
		49C23FF3198490D300898148 /* SystemConfiguration.framework */ = {isa = PBXFileReference; lastKnownFileType = wrapper.framework; name = SystemConfiguration.framework; path = System/Library/Frameworks/SystemConfiguration.framework; sourceTree = SDKROOT; };
		49D3BE931984C3F800BF3F0C /* Flurry.h */ = {isa = PBXFileReference; fileEncoding = 4; lastKnownFileType = sourcecode.c.h; path = Flurry.h; sourceTree = "<group>"; };
		8F78E86D1941288B006B8217 /* SeattleParkingMap.app */ = {isa = PBXFileReference; explicitFileType = wrapper.application; includeInIndex = 0; path = SeattleParkingMap.app; sourceTree = BUILT_PRODUCTS_DIR; };
		8F78E8701941288B006B8217 /* Foundation.framework */ = {isa = PBXFileReference; lastKnownFileType = wrapper.framework; name = Foundation.framework; path = System/Library/Frameworks/Foundation.framework; sourceTree = SDKROOT; };
		8F78E8721941288B006B8217 /* CoreGraphics.framework */ = {isa = PBXFileReference; lastKnownFileType = wrapper.framework; name = CoreGraphics.framework; path = System/Library/Frameworks/CoreGraphics.framework; sourceTree = SDKROOT; };
		8F78E8741941288B006B8217 /* UIKit.framework */ = {isa = PBXFileReference; lastKnownFileType = wrapper.framework; name = UIKit.framework; path = System/Library/Frameworks/UIKit.framework; sourceTree = SDKROOT; };
		8F78E8781941288B006B8217 /* SeattleParkingMap-Info.plist */ = {isa = PBXFileReference; lastKnownFileType = text.plist.xml; path = "SeattleParkingMap-Info.plist"; sourceTree = "<group>"; };
		8F78E87A1941288B006B8217 /* en */ = {isa = PBXFileReference; lastKnownFileType = text.plist.strings; name = en; path = en.lproj/InfoPlist.strings; sourceTree = "<group>"; };
		8F78E87C1941288B006B8217 /* main.m */ = {isa = PBXFileReference; lastKnownFileType = sourcecode.c.objc; path = main.m; sourceTree = "<group>"; };
		8F78E87E1941288B006B8217 /* SeattleParkingMap-Prefix.pch */ = {isa = PBXFileReference; lastKnownFileType = sourcecode.c.h; path = "SeattleParkingMap-Prefix.pch"; sourceTree = "<group>"; };
		8F78E87F1941288B006B8217 /* SPMAppDelegate.h */ = {isa = PBXFileReference; lastKnownFileType = sourcecode.c.h; path = SPMAppDelegate.h; sourceTree = "<group>"; };
		8F78E8801941288B006B8217 /* SPMAppDelegate.m */ = {isa = PBXFileReference; lastKnownFileType = sourcecode.c.objc; path = SPMAppDelegate.m; sourceTree = "<group>"; };
		8F78E8831941288B006B8217 /* Base */ = {isa = PBXFileReference; lastKnownFileType = file.storyboard; name = Base; path = Base.lproj/Main.storyboard; sourceTree = "<group>"; };
		8F78E8881941288B006B8217 /* SPMRootViewController.h */ = {isa = PBXFileReference; lastKnownFileType = sourcecode.c.h; path = SPMRootViewController.h; sourceTree = "<group>"; };
		8F78E8891941288B006B8217 /* SPMRootViewController.m */ = {isa = PBXFileReference; lastKnownFileType = sourcecode.c.objc; path = SPMRootViewController.m; sourceTree = "<group>"; };
		8F78E88B1941288B006B8217 /* Images.xcassets */ = {isa = PBXFileReference; lastKnownFileType = folder.assetcatalog; path = Images.xcassets; sourceTree = "<group>"; };
		8F78E8911941288B006B8217 /* SeattleParkingMapTests.xctest */ = {isa = PBXFileReference; explicitFileType = wrapper.cfbundle; includeInIndex = 0; path = SeattleParkingMapTests.xctest; sourceTree = BUILT_PRODUCTS_DIR; };
		8F78E89A1941288B006B8217 /* SeattleParkingMapTests-Info.plist */ = {isa = PBXFileReference; lastKnownFileType = text.plist.xml; path = "SeattleParkingMapTests-Info.plist"; sourceTree = "<group>"; };
		8F78E89C1941288B006B8217 /* en */ = {isa = PBXFileReference; lastKnownFileType = text.plist.strings; name = en; path = en.lproj/InfoPlist.strings; sourceTree = "<group>"; };
		8F78E89E1941288B006B8217 /* SeattleParkingMapTests.m */ = {isa = PBXFileReference; lastKnownFileType = sourcecode.c.objc; path = SeattleParkingMapTests.m; sourceTree = "<group>"; };
		8F78E8AD194133F0006B8217 /* Inside Seattle Area.gpx */ = {isa = PBXFileReference; lastKnownFileType = text.xml; path = "Inside Seattle Area.gpx"; sourceTree = "<group>"; };
/* End PBXFileReference section */

/* Begin PBXFrameworksBuildPhase section */
		8F78E86A1941288B006B8217 /* Frameworks */ = {
			isa = PBXFrameworksBuildPhase;
			buildActionMask = 2147483647;
			files = (
				49C23FF4198490D300898148 /* SystemConfiguration.framework in Frameworks */,
				49C23FF2198490CE00898148 /* Security.framework in Frameworks */,
				49B093D81B689D92000960CB /* libFlurry_6.5.0.a in Frameworks */,
				8F78E8731941288B006B8217 /* CoreGraphics.framework in Frameworks */,
				8F78E8751941288B006B8217 /* UIKit.framework in Frameworks */,
				8F78E8711941288B006B8217 /* Foundation.framework in Frameworks */,
			);
			runOnlyForDeploymentPostprocessing = 0;
		};
		8F78E88E1941288B006B8217 /* Frameworks */ = {
			isa = PBXFrameworksBuildPhase;
			buildActionMask = 2147483647;
			files = (
				8F78E8951941288B006B8217 /* UIKit.framework in Frameworks */,
				8F78E8941941288B006B8217 /* Foundation.framework in Frameworks */,
			);
			runOnlyForDeploymentPostprocessing = 0;
		};
/* End PBXFrameworksBuildPhase section */

/* Begin PBXGroup section */
		494A2DFE198225FD00ADAC90 /* Old UI */ = {
			isa = PBXGroup;
			children = (
				494A2DFC19821B5700ADAC90 /* Main_All_Buttons.storyboard */,
			);
			name = "Old UI";
			sourceTree = "<group>";
		};
		49A9CE1F1986F73E00BB1196 /* ArcGIS */ = {
			isa = PBXGroup;
			children = (
				49A9CE1B1986DEFE00BB1196 /* ArcGIS.bundle */,
			);
			name = ArcGIS;
			sourceTree = "<group>";
		};
		49A9CE201986F75C00BB1196 /* Location */ = {
			isa = PBXGroup;
			children = (
				8F78E8AD194133F0006B8217 /* Inside Seattle Area.gpx */,
				49C23FEF19847D5900898148 /* Inside Seattle Screenshot Curent Location.gpx */,
				49C23FF019847DE100898148 /* Inside Seattle Screenshot Parking.gpx */,
				494A2E03198237A400ADAC90 /* Outside Seattle Area.gpx */,
				494A2E01198230AF00ADAC90 /* Outside Map Area.gpx */,
			);
			name = Location;
			sourceTree = "<group>";
		};
		49D3BE921984C3F800BF3F0C /* Flurry */ = {
			isa = PBXGroup;
			children = (
				49D3BE931984C3F800BF3F0C /* Flurry.h */,
				49B093D91B689D96000960CB /* FlurryWatch.h */,
				49B093D71B689D92000960CB /* libFlurry_6.5.0.a */,
			);
			path = Flurry;
			sourceTree = "<group>";
		};
		8F78E8641941288A006B8217 = {
			isa = PBXGroup;
			children = (
				8F78E8761941288B006B8217 /* SeattleParkingMap */,
				8F78E8981941288B006B8217 /* SeattleParkingMapTests */,
				8F78E86F1941288B006B8217 /* Frameworks */,
				8F78E86E1941288B006B8217 /* Products */,
			);
			sourceTree = "<group>";
		};
		8F78E86E1941288B006B8217 /* Products */ = {
			isa = PBXGroup;
			children = (
				8F78E86D1941288B006B8217 /* SeattleParkingMap.app */,
				8F78E8911941288B006B8217 /* SeattleParkingMapTests.xctest */,
			);
			name = Products;
			sourceTree = "<group>";
		};
		8F78E86F1941288B006B8217 /* Frameworks */ = {
			isa = PBXGroup;
			children = (
				49C23FF3198490D300898148 /* SystemConfiguration.framework */,
				49C23FF1198490CE00898148 /* Security.framework */,
				8F78E8701941288B006B8217 /* Foundation.framework */,
				8F78E8721941288B006B8217 /* CoreGraphics.framework */,
				8F78E8741941288B006B8217 /* UIKit.framework */,
			);
			name = Frameworks;
			sourceTree = "<group>";
		};
		8F78E8761941288B006B8217 /* SeattleParkingMap */ = {
			isa = PBXGroup;
			children = (
				494A2DFF19822FBC00ADAC90 /* README.md */,
				49A9CE1D1986F6B300BB1196 /* CHANGELOG.md */,
				49C23FEE19846F2600898148 /* SPMConstants.h */,
				8F78E87F1941288B006B8217 /* SPMAppDelegate.h */,
				8F78E8801941288B006B8217 /* SPMAppDelegate.m */,
				8F78E8881941288B006B8217 /* SPMRootViewController.h */,
				8F78E8891941288B006B8217 /* SPMRootViewController.m */,
				49134FBE194C66EF00250042 /* SPMInformationTableViewController.h */,
				49134FBF194C66EF00250042 /* SPMInformationTableViewController.m */,
				49134FC3194CE2DF00250042 /* SPMMapActivityProvider.h */,
				49134FC4194CE2DF00250042 /* SPMMapActivityProvider.m */,
				8F78E8821941288B006B8217 /* Main.storyboard */,
				494A2DFE198225FD00ADAC90 /* Old UI */,
				8F78E88B1941288B006B8217 /* Images.xcassets */,
				49A9CE201986F75C00BB1196 /* Location */,
				49A9CE1F1986F73E00BB1196 /* ArcGIS */,
				49D3BE921984C3F800BF3F0C /* Flurry */,
				8F78E8771941288B006B8217 /* Supporting Files */,
			);
			path = SeattleParkingMap;
			sourceTree = "<group>";
		};
		8F78E8771941288B006B8217 /* Supporting Files */ = {
			isa = PBXGroup;
			children = (
				8F78E8781941288B006B8217 /* SeattleParkingMap-Info.plist */,
				8F78E8791941288B006B8217 /* InfoPlist.strings */,
				8F78E87C1941288B006B8217 /* main.m */,
				8F78E87E1941288B006B8217 /* SeattleParkingMap-Prefix.pch */,
			);
			name = "Supporting Files";
			sourceTree = "<group>";
		};
		8F78E8981941288B006B8217 /* SeattleParkingMapTests */ = {
			isa = PBXGroup;
			children = (
				8F78E89E1941288B006B8217 /* SeattleParkingMapTests.m */,
				8F78E8991941288B006B8217 /* Supporting Files */,
			);
			path = SeattleParkingMapTests;
			sourceTree = "<group>";
		};
		8F78E8991941288B006B8217 /* Supporting Files */ = {
			isa = PBXGroup;
			children = (
				8F78E89A1941288B006B8217 /* SeattleParkingMapTests-Info.plist */,
				8F78E89B1941288B006B8217 /* InfoPlist.strings */,
			);
			name = "Supporting Files";
			sourceTree = "<group>";
		};
/* End PBXGroup section */

/* Begin PBXNativeTarget section */
		8F78E86C1941288B006B8217 /* SeattleParkingMap */ = {
			isa = PBXNativeTarget;
			buildConfigurationList = 8F78E8A21941288B006B8217 /* Build configuration list for PBXNativeTarget "SeattleParkingMap" */;
			buildPhases = (
				8F78E8691941288B006B8217 /* Sources */,
				8F78E86A1941288B006B8217 /* Frameworks */,
				8F78E86B1941288B006B8217 /* Resources */,
			);
			buildRules = (
			);
			dependencies = (
			);
			name = SeattleParkingMap;
			productName = "Seattle Parking Map";
			productReference = 8F78E86D1941288B006B8217 /* SeattleParkingMap.app */;
			productType = "com.apple.product-type.application";
		};
		8F78E8901941288B006B8217 /* SeattleParkingMapTests */ = {
			isa = PBXNativeTarget;
			buildConfigurationList = 8F78E8A51941288B006B8217 /* Build configuration list for PBXNativeTarget "SeattleParkingMapTests" */;
			buildPhases = (
				8F78E88D1941288B006B8217 /* Sources */,
				8F78E88E1941288B006B8217 /* Frameworks */,
				8F78E88F1941288B006B8217 /* Resources */,
			);
			buildRules = (
			);
			dependencies = (
				8F78E8971941288B006B8217 /* PBXTargetDependency */,
			);
			name = SeattleParkingMapTests;
			productName = "Seattle Parking MapTests";
			productReference = 8F78E8911941288B006B8217 /* SeattleParkingMapTests.xctest */;
			productType = "com.apple.product-type.bundle.unit-test";
		};
/* End PBXNativeTarget section */

/* Begin PBXProject section */
		8F78E8651941288A006B8217 /* Project object */ = {
			isa = PBXProject;
			attributes = {
				CLASSPREFIX = SPM;
				LastUpgradeCheck = 0640;
				ORGANIZATIONNAME = "Tap Light Software";
				TargetAttributes = {
					8F78E86C1941288B006B8217 = {
						DevelopmentTeam = GBLBH9THKY;
					};
					8F78E8901941288B006B8217 = {
						TestTargetID = 8F78E86C1941288B006B8217;
					};
				};
			};
			buildConfigurationList = 8F78E8681941288A006B8217 /* Build configuration list for PBXProject "SeattleParkingMap" */;
			compatibilityVersion = "Xcode 3.2";
			developmentRegion = English;
			hasScannedForEncodings = 0;
			knownRegions = (
				en,
				Base,
			);
			mainGroup = 8F78E8641941288A006B8217;
			productRefGroup = 8F78E86E1941288B006B8217 /* Products */;
			projectDirPath = "";
			projectRoot = "";
			targets = (
				8F78E86C1941288B006B8217 /* SeattleParkingMap */,
				8F78E8901941288B006B8217 /* SeattleParkingMapTests */,
			);
		};
/* End PBXProject section */

/* Begin PBXResourcesBuildPhase section */
		8F78E86B1941288B006B8217 /* Resources */ = {
			isa = PBXResourcesBuildPhase;
			buildActionMask = 2147483647;
			files = (
				8F78E88C1941288B006B8217 /* Images.xcassets in Resources */,
				8F78E87B1941288B006B8217 /* InfoPlist.strings in Resources */,
				49C23FF91984B12F00898148 /* Main.storyboard in Resources */,
				49A9CE1C1986DEFE00BB1196 /* ArcGIS.bundle in Resources */,
			);
			runOnlyForDeploymentPostprocessing = 0;
		};
		8F78E88F1941288B006B8217 /* Resources */ = {
			isa = PBXResourcesBuildPhase;
			buildActionMask = 2147483647;
			files = (
				49C23FFC1984B1CF00898148 /* Main.storyboard in Resources */,
				8F78E89D1941288B006B8217 /* InfoPlist.strings in Resources */,
			);
			runOnlyForDeploymentPostprocessing = 0;
		};
/* End PBXResourcesBuildPhase section */

/* Begin PBXSourcesBuildPhase section */
		8F78E8691941288B006B8217 /* Sources */ = {
			isa = PBXSourcesBuildPhase;
			buildActionMask = 2147483647;
			files = (
				8F78E87D1941288B006B8217 /* main.m in Sources */,
				8F78E8811941288B006B8217 /* SPMAppDelegate.m in Sources */,
				8F78E8AA19412AC9006B8217 /* SPMRootViewController.m in Sources */,
				49134FC0194C66EF00250042 /* SPMInformationTableViewController.m in Sources */,
			);
			runOnlyForDeploymentPostprocessing = 0;
		};
		8F78E88D1941288B006B8217 /* Sources */ = {
			isa = PBXSourcesBuildPhase;
			buildActionMask = 2147483647;
			files = (
				8F78E89F1941288B006B8217 /* SeattleParkingMapTests.m in Sources */,
			);
			runOnlyForDeploymentPostprocessing = 0;
		};
/* End PBXSourcesBuildPhase section */

/* Begin PBXTargetDependency section */
		8F78E8971941288B006B8217 /* PBXTargetDependency */ = {
			isa = PBXTargetDependency;
			target = 8F78E86C1941288B006B8217 /* SeattleParkingMap */;
			targetProxy = 8F78E8961941288B006B8217 /* PBXContainerItemProxy */;
		};
/* End PBXTargetDependency section */

/* Begin PBXVariantGroup section */
		494A2DFC19821B5700ADAC90 /* Main_All_Buttons.storyboard */ = {
			isa = PBXVariantGroup;
			children = (
				494A2DFD19821B5700ADAC90 /* Base */,
			);
			name = Main_All_Buttons.storyboard;
			sourceTree = "<group>";
		};
		8F78E8791941288B006B8217 /* InfoPlist.strings */ = {
			isa = PBXVariantGroup;
			children = (
				8F78E87A1941288B006B8217 /* en */,
			);
			name = InfoPlist.strings;
			sourceTree = "<group>";
		};
		8F78E8821941288B006B8217 /* Main.storyboard */ = {
			isa = PBXVariantGroup;
			children = (
				8F78E8831941288B006B8217 /* Base */,
			);
			name = Main.storyboard;
			sourceTree = "<group>";
		};
		8F78E89B1941288B006B8217 /* InfoPlist.strings */ = {
			isa = PBXVariantGroup;
			children = (
				8F78E89C1941288B006B8217 /* en */,
			);
			name = InfoPlist.strings;
			sourceTree = "<group>";
		};
/* End PBXVariantGroup section */

/* Begin XCBuildConfiguration section */
		8F78E8A01941288B006B8217 /* Debug */ = {
			isa = XCBuildConfiguration;
			buildSettings = {
				ALWAYS_SEARCH_USER_PATHS = NO;
				CLANG_CXX_LANGUAGE_STANDARD = "gnu++0x";
				CLANG_CXX_LIBRARY = "libc++";
				CLANG_ENABLE_MODULES = YES;
				CLANG_ENABLE_OBJC_ARC = YES;
				CLANG_WARN_BOOL_CONVERSION = YES;
				CLANG_WARN_CONSTANT_CONVERSION = YES;
				CLANG_WARN_DIRECT_OBJC_ISA_USAGE = YES_ERROR;
				CLANG_WARN_EMPTY_BODY = YES;
				CLANG_WARN_ENUM_CONVERSION = YES;
				CLANG_WARN_INT_CONVERSION = YES;
				CLANG_WARN_OBJC_ROOT_CLASS = YES_ERROR;
				CLANG_WARN__DUPLICATE_METHOD_MATCH = YES;
				"CODE_SIGN_IDENTITY[sdk=iphoneos*]" = "iPhone Developer";
				COPY_PHASE_STRIP = NO;
				GCC_C_LANGUAGE_STANDARD = gnu99;
				GCC_DYNAMIC_NO_PIC = NO;
				GCC_OPTIMIZATION_LEVEL = 0;
				GCC_PREPROCESSOR_DEFINITIONS = (
					"DEBUG=1",
					"$(inherited)",
				);
				GCC_SYMBOLS_PRIVATE_EXTERN = NO;
				GCC_WARN_64_TO_32_BIT_CONVERSION = YES;
				GCC_WARN_ABOUT_RETURN_TYPE = YES_ERROR;
				GCC_WARN_UNDECLARED_SELECTOR = YES;
				GCC_WARN_UNINITIALIZED_AUTOS = YES_AGGRESSIVE;
				GCC_WARN_UNUSED_FUNCTION = YES;
				GCC_WARN_UNUSED_VARIABLE = YES;
				IPHONEOS_DEPLOYMENT_TARGET = 7.1;
				ONLY_ACTIVE_ARCH = YES;
				SDKROOT = iphoneos;
				TARGETED_DEVICE_FAMILY = "1,2";
			};
			name = Debug;
		};
		8F78E8A11941288B006B8217 /* Release */ = {
			isa = XCBuildConfiguration;
			buildSettings = {
				ALWAYS_SEARCH_USER_PATHS = NO;
				CLANG_CXX_LANGUAGE_STANDARD = "gnu++0x";
				CLANG_CXX_LIBRARY = "libc++";
				CLANG_ENABLE_MODULES = YES;
				CLANG_ENABLE_OBJC_ARC = YES;
				CLANG_WARN_BOOL_CONVERSION = YES;
				CLANG_WARN_CONSTANT_CONVERSION = YES;
				CLANG_WARN_DIRECT_OBJC_ISA_USAGE = YES_ERROR;
				CLANG_WARN_EMPTY_BODY = YES;
				CLANG_WARN_ENUM_CONVERSION = YES;
				CLANG_WARN_INT_CONVERSION = YES;
				CLANG_WARN_OBJC_ROOT_CLASS = YES_ERROR;
				CLANG_WARN__DUPLICATE_METHOD_MATCH = YES;
				"CODE_SIGN_IDENTITY[sdk=iphoneos*]" = "iPhone Distribution";
				COPY_PHASE_STRIP = YES;
				ENABLE_NS_ASSERTIONS = NO;
				GCC_C_LANGUAGE_STANDARD = gnu99;
				GCC_WARN_64_TO_32_BIT_CONVERSION = YES;
				GCC_WARN_ABOUT_RETURN_TYPE = YES_ERROR;
				GCC_WARN_UNDECLARED_SELECTOR = YES;
				GCC_WARN_UNINITIALIZED_AUTOS = YES_AGGRESSIVE;
				GCC_WARN_UNUSED_FUNCTION = YES;
				GCC_WARN_UNUSED_VARIABLE = YES;
				IPHONEOS_DEPLOYMENT_TARGET = 7.1;
				SDKROOT = iphoneos;
				TARGETED_DEVICE_FAMILY = "1,2";
				VALIDATE_PRODUCT = YES;
			};
			name = Release;
		};
		8F78E8A31941288B006B8217 /* Debug */ = {
			isa = XCBuildConfiguration;
			buildSettings = {
				ASSETCATALOG_COMPILER_APPICON_NAME = AppIcon;
				ASSETCATALOG_COMPILER_LAUNCHIMAGE_NAME = LaunchImage;
				FRAMEWORK_SEARCH_PATHS = "$(HOME)/Library/SDKs/ArcGIS/iOS/";
				GCC_PRECOMPILE_PREFIX_HEADER = YES;
				GCC_PREFIX_HEADER = "SeattleParkingMap/SeattleParkingMap-Prefix.pch";
				INFOPLIST_FILE = "SeattleParkingMap/SeattleParkingMap-Info.plist";
				IPHONEOS_DEPLOYMENT_TARGET = 7.0;
				LIBRARY_SEARCH_PATHS = (
					"$(inherited)",
					"\"$(PROJECT_DIR)/SeattleParkingMap/Flurry\"",
					"$(PROJECT_DIR)/SeattleParkingMap/Flurry",
				);
				OTHER_LDFLAGS = (
					"-ObjC",
					"-framework",
					ArcGIS,
					"-l",
					"c++",
				);
				PRODUCT_NAME = "$(TARGET_NAME)";
				WRAPPER_EXTENSION = app;
			};
			name = Debug;
		};
		8F78E8A41941288B006B8217 /* Release */ = {
			isa = XCBuildConfiguration;
			buildSettings = {
				ASSETCATALOG_COMPILER_APPICON_NAME = AppIcon;
				ASSETCATALOG_COMPILER_LAUNCHIMAGE_NAME = LaunchImage;
				FRAMEWORK_SEARCH_PATHS = "$(HOME)/Library/SDKs/ArcGIS/iOS/";
				GCC_PRECOMPILE_PREFIX_HEADER = YES;
				GCC_PREFIX_HEADER = "SeattleParkingMap/SeattleParkingMap-Prefix.pch";
				INFOPLIST_FILE = "SeattleParkingMap/SeattleParkingMap-Info.plist";
				IPHONEOS_DEPLOYMENT_TARGET = 7.0;
				LIBRARY_SEARCH_PATHS = (
					"$(inherited)",
					"\"$(PROJECT_DIR)/SeattleParkingMap/Flurry\"",
					"$(PROJECT_DIR)/SeattleParkingMap/Flurry",
				);
				OTHER_LDFLAGS = (
					"-ObjC",
					"-framework",
					ArcGIS,
					"-l",
					"c++",
				);
				PRODUCT_NAME = "$(TARGET_NAME)";
				WRAPPER_EXTENSION = app;
			};
			name = Release;
		};
		8F78E8A61941288B006B8217 /* Debug */ = {
			isa = XCBuildConfiguration;
			buildSettings = {
				BUNDLE_LOADER = "$(BUILT_PRODUCTS_DIR)/SeattleParkingMap.app/Seattle Parking Map";
				FRAMEWORK_SEARCH_PATHS = (
					"$(SDKROOT)/Developer/Library/Frameworks",
					"$(inherited)",
					"$(DEVELOPER_FRAMEWORKS_DIR)",
				);
				GCC_PRECOMPILE_PREFIX_HEADER = YES;
				GCC_PREFIX_HEADER = "Seattle Parking Map/SeattleParkingMap-Prefix.pch";
				GCC_PREPROCESSOR_DEFINITIONS = (
					"DEBUG=1",
					"$(inherited)",
				);
				INFOPLIST_FILE = "Seattle Parking MapTests/SeattleParkingMapTests-Info.plist";
				PRODUCT_NAME = "$(TARGET_NAME)";
				TEST_HOST = "$(BUNDLE_LOADER)";
				WRAPPER_EXTENSION = xctest;
			};
			name = Debug;
		};
		8F78E8A71941288B006B8217 /* Release */ = {
			isa = XCBuildConfiguration;
			buildSettings = {
				BUNDLE_LOADER = "$(BUILT_PRODUCTS_DIR)/SeattleParkingMap.app/SeattleParkingMap";
				FRAMEWORK_SEARCH_PATHS = (
					"$(SDKROOT)/Developer/Library/Frameworks",
					"$(inherited)",
					"$(DEVELOPER_FRAMEWORKS_DIR)",
				);
				GCC_PRECOMPILE_PREFIX_HEADER = YES;
				GCC_PREFIX_HEADER = "Seattle Parking Map/SeattleParkingMap-Prefix.pch";
				INFOPLIST_FILE = "Seattle Parking MapTests/SeattleParkingMapTests-Info.plist";
				PRODUCT_NAME = "$(TARGET_NAME)";
				TEST_HOST = "$(BUNDLE_LOADER)";
				WRAPPER_EXTENSION = xctest;
			};
			name = Release;
		};
/* End XCBuildConfiguration section */

/* Begin XCConfigurationList section */
		8F78E8681941288A006B8217 /* Build configuration list for PBXProject "SeattleParkingMap" */ = {
			isa = XCConfigurationList;
			buildConfigurations = (
				8F78E8A01941288B006B8217 /* Debug */,
				8F78E8A11941288B006B8217 /* Release */,
			);
			defaultConfigurationIsVisible = 0;
			defaultConfigurationName = Release;
		};
		8F78E8A21941288B006B8217 /* Build configuration list for PBXNativeTarget "SeattleParkingMap" */ = {
			isa = XCConfigurationList;
			buildConfigurations = (
				8F78E8A31941288B006B8217 /* Debug */,
				8F78E8A41941288B006B8217 /* Release */,
			);
			defaultConfigurationIsVisible = 0;
			defaultConfigurationName = Release;
		};
		8F78E8A51941288B006B8217 /* Build configuration list for PBXNativeTarget "SeattleParkingMapTests" */ = {
			isa = XCConfigurationList;
			buildConfigurations = (
				8F78E8A61941288B006B8217 /* Debug */,
				8F78E8A71941288B006B8217 /* Release */,
			);
			defaultConfigurationIsVisible = 0;
			defaultConfigurationName = Release;
		};
/* End XCConfigurationList section */
	};
	rootObject = 8F78E8651941288A006B8217 /* Project object */;
}
