// !$*UTF8*$!
{
	archiveVersion = 1;
	classes = {
	};
	objectVersion = 46;
	objects = {

/* Begin PBXBuildFile section */
		490F0D3A1C13F9590086504A /* SPMMapInterfaceController.m in Sources */ = {isa = PBXBuildFile; fileRef = 490F0D391C13F9590086504A /* SPMMapInterfaceController.m */; };
		49134FC0194C66EF00250042 /* SPMInformationTableViewController.m in Sources */ = {isa = PBXBuildFile; fileRef = 49134FBF194C66EF00250042 /* SPMInformationTableViewController.m */; };
		493AE6911C1FF4B500F0AD5C /* WKInterfaceMap+SPM.m in Sources */ = {isa = PBXBuildFile; fileRef = 493AE6901C1FF4B500F0AD5C /* WKInterfaceMap+SPM.m */; };
		493AE69B1C211CDD00F0AD5C /* WKInterfaceController+SPM.m in Sources */ = {isa = PBXBuildFile; fileRef = 493AE69A1C211CDD00F0AD5C /* WKInterfaceController+SPM.m */; };
		499096871BF9254F004EDCC3 /* Interface.storyboard in Resources */ = {isa = PBXBuildFile; fileRef = 499096851BF9254F004EDCC3 /* Interface.storyboard */; };
		499096891BF9254F004EDCC3 /* Assets.xcassets in Resources */ = {isa = PBXBuildFile; fileRef = 499096881BF9254F004EDCC3 /* Assets.xcassets */; };
		499096901BF9254F004EDCC3 /* SeattleParkingMapWatch Extension.appex in Embed App Extensions */ = {isa = PBXBuildFile; fileRef = 4990968F1BF9254F004EDCC3 /* SeattleParkingMapWatch Extension.appex */; settings = {ATTRIBUTES = (RemoveHeadersOnCopy, ); }; };
		499096961BF9254F004EDCC3 /* SPMParkInterfaceController.m in Sources */ = {isa = PBXBuildFile; fileRef = 499096951BF9254F004EDCC3 /* SPMParkInterfaceController.m */; };
		499096991BF9254F004EDCC3 /* SPMExtensionDelegate.m in Sources */ = {isa = PBXBuildFile; fileRef = 499096981BF9254F004EDCC3 /* SPMExtensionDelegate.m */; };
		4990969C1BF9254F004EDCC3 /* SPMGlanceInterfaceController.m in Sources */ = {isa = PBXBuildFile; fileRef = 4990969B1BF9254F004EDCC3 /* SPMGlanceInterfaceController.m */; };
		499096A51BF9254F004EDCC3 /* SeattleParkingMapWatch.app in Embed Watch Content */ = {isa = PBXBuildFile; fileRef = 499096831BF9254F004EDCC3 /* SeattleParkingMapWatch.app */; };
		499A2F041C1FC1BE00F5AEE4 /* SPMBaseInterfaceController.m in Sources */ = {isa = PBXBuildFile; fileRef = 499A2F031C1FC1BE00F5AEE4 /* SPMBaseInterfaceController.m */; };
		49A9CE1C1986DEFE00BB1196 /* ArcGIS.bundle in Resources */ = {isa = PBXBuildFile; fileRef = 49A9CE1B1986DEFE00BB1196 /* ArcGIS.bundle */; };
		49C0D7741BF85A48009057F2 /* LaunchScreen.storyboard in Resources */ = {isa = PBXBuildFile; fileRef = 49C0D7731BF85A48009057F2 /* LaunchScreen.storyboard */; };
		49C0D7761BF8667D009057F2 /* libFlurry_7.3.0.a in Frameworks */ = {isa = PBXBuildFile; fileRef = 49C0D7751BF8667D009057F2 /* libFlurry_7.3.0.a */; };
		49C23FF91984B12F00898148 /* Main.storyboard in Resources */ = {isa = PBXBuildFile; fileRef = 8F78E8821941288B006B8217 /* Main.storyboard */; };
		8F78E87D1941288B006B8217 /* main.m in Sources */ = {isa = PBXBuildFile; fileRef = 8F78E87C1941288B006B8217 /* main.m */; };
		8F78E8811941288B006B8217 /* SPMAppDelegate.m in Sources */ = {isa = PBXBuildFile; fileRef = 8F78E8801941288B006B8217 /* SPMAppDelegate.m */; };
		8F78E88C1941288B006B8217 /* Images.xcassets in Resources */ = {isa = PBXBuildFile; fileRef = 8F78E88B1941288B006B8217 /* Images.xcassets */; };
		8F78E8AA19412AC9006B8217 /* SPMRootViewController.m in Sources */ = {isa = PBXBuildFile; fileRef = 8F78E8891941288B006B8217 /* SPMRootViewController.m */; };
/* End PBXBuildFile section */

/* Begin PBXContainerItemProxy section */
		499096911BF9254F004EDCC3 /* PBXContainerItemProxy */ = {
			isa = PBXContainerItemProxy;
			containerPortal = 8F78E8651941288A006B8217 /* Project object */;
			proxyType = 1;
			remoteGlobalIDString = 4990968E1BF9254F004EDCC3;
			remoteInfo = "SeattleParkingMapWatch Extension";
		};
		499096A31BF9254F004EDCC3 /* PBXContainerItemProxy */ = {
			isa = PBXContainerItemProxy;
			containerPortal = 8F78E8651941288A006B8217 /* Project object */;
			proxyType = 1;
			remoteGlobalIDString = 499096821BF9254F004EDCC3;
			remoteInfo = SeattleParkingMapWatch;
		};
/* End PBXContainerItemProxy section */

/* Begin PBXCopyFilesBuildPhase section */
		499096AB1BF9254F004EDCC3 /* Embed App Extensions */ = {
			isa = PBXCopyFilesBuildPhase;
			buildActionMask = 2147483647;
			dstPath = "";
			dstSubfolderSpec = 13;
			files = (
				499096901BF9254F004EDCC3 /* SeattleParkingMapWatch Extension.appex in Embed App Extensions */,
			);
			name = "Embed App Extensions";
			runOnlyForDeploymentPostprocessing = 0;
		};
		499096AD1BF9254F004EDCC3 /* Embed Watch Content */ = {
			isa = PBXCopyFilesBuildPhase;
			buildActionMask = 2147483647;
			dstPath = "$(CONTENTS_FOLDER_PATH)/Watch";
			dstSubfolderSpec = 16;
			files = (
				499096A51BF9254F004EDCC3 /* SeattleParkingMapWatch.app in Embed Watch Content */,
			);
			name = "Embed Watch Content";
			runOnlyForDeploymentPostprocessing = 0;
		};
/* End PBXCopyFilesBuildPhase section */

/* Begin PBXFileReference section */
		490F0D381C13F9590086504A /* SPMMapInterfaceController.h */ = {isa = PBXFileReference; fileEncoding = 4; lastKnownFileType = sourcecode.c.h; path = SPMMapInterfaceController.h; sourceTree = "<group>"; };
		490F0D391C13F9590086504A /* SPMMapInterfaceController.m */ = {isa = PBXFileReference; fileEncoding = 4; lastKnownFileType = sourcecode.c.objc; path = SPMMapInterfaceController.m; sourceTree = "<group>"; };
		49134FBE194C66EF00250042 /* SPMInformationTableViewController.h */ = {isa = PBXFileReference; fileEncoding = 4; lastKnownFileType = sourcecode.c.h; path = SPMInformationTableViewController.h; sourceTree = "<group>"; };
		49134FBF194C66EF00250042 /* SPMInformationTableViewController.m */ = {isa = PBXFileReference; fileEncoding = 4; lastKnownFileType = sourcecode.c.objc; path = SPMInformationTableViewController.m; sourceTree = "<group>"; };
		493AE68F1C1FF4B500F0AD5C /* WKInterfaceMap+SPM.h */ = {isa = PBXFileReference; fileEncoding = 4; lastKnownFileType = sourcecode.c.h; path = "WKInterfaceMap+SPM.h"; sourceTree = "<group>"; };
		493AE6901C1FF4B500F0AD5C /* WKInterfaceMap+SPM.m */ = {isa = PBXFileReference; fileEncoding = 4; lastKnownFileType = sourcecode.c.objc; path = "WKInterfaceMap+SPM.m"; sourceTree = "<group>"; };
		493AE6921C1FF64700F0AD5C /* SeattleParkingMapWatch-Prefix.pch */ = {isa = PBXFileReference; fileEncoding = 4; lastKnownFileType = sourcecode.c.h; name = "SeattleParkingMapWatch-Prefix.pch"; path = "SeattleParkingMapWatch Extension/SeattleParkingMapWatch-Prefix.pch"; sourceTree = SOURCE_ROOT; };
		493AE6991C211CD400F0AD5C /* WKInterfaceController+SPM.h */ = {isa = PBXFileReference; fileEncoding = 4; lastKnownFileType = sourcecode.c.h; path = "WKInterfaceController+SPM.h"; sourceTree = "<group>"; };
		493AE69A1C211CDD00F0AD5C /* WKInterfaceController+SPM.m */ = {isa = PBXFileReference; fileEncoding = 4; lastKnownFileType = sourcecode.c.objc; path = "WKInterfaceController+SPM.m"; sourceTree = "<group>"; };
		494A2DFF19822FBC00ADAC90 /* README.md */ = {isa = PBXFileReference; fileEncoding = 4; lastKnownFileType = text; path = README.md; sourceTree = "<group>"; };
		494A2E01198230AF00ADAC90 /* Outside Map Area.gpx */ = {isa = PBXFileReference; fileEncoding = 4; lastKnownFileType = text.xml; path = "Outside Map Area.gpx"; sourceTree = "<group>"; };
		494A2E03198237A400ADAC90 /* Outside Seattle Area.gpx */ = {isa = PBXFileReference; lastKnownFileType = text.xml; path = "Outside Seattle Area.gpx"; sourceTree = "<group>"; };
		499096831BF9254F004EDCC3 /* SeattleParkingMapWatch.app */ = {isa = PBXFileReference; explicitFileType = wrapper.application; includeInIndex = 0; path = SeattleParkingMapWatch.app; sourceTree = BUILT_PRODUCTS_DIR; };
		499096861BF9254F004EDCC3 /* Base */ = {isa = PBXFileReference; lastKnownFileType = file.storyboard; name = Base; path = Base.lproj/Interface.storyboard; sourceTree = "<group>"; };
		499096881BF9254F004EDCC3 /* Assets.xcassets */ = {isa = PBXFileReference; lastKnownFileType = folder.assetcatalog; path = Assets.xcassets; sourceTree = "<group>"; };
		4990968A1BF9254F004EDCC3 /* Info.plist */ = {isa = PBXFileReference; lastKnownFileType = text.plist.xml; path = Info.plist; sourceTree = "<group>"; };
		4990968F1BF9254F004EDCC3 /* SeattleParkingMapWatch Extension.appex */ = {isa = PBXFileReference; explicitFileType = "wrapper.app-extension"; includeInIndex = 0; path = "SeattleParkingMapWatch Extension.appex"; sourceTree = BUILT_PRODUCTS_DIR; };
		499096941BF9254F004EDCC3 /* SPMParkInterfaceController.h */ = {isa = PBXFileReference; lastKnownFileType = sourcecode.c.h; path = SPMParkInterfaceController.h; sourceTree = "<group>"; };
		499096951BF9254F004EDCC3 /* SPMParkInterfaceController.m */ = {isa = PBXFileReference; lastKnownFileType = sourcecode.c.objc; path = SPMParkInterfaceController.m; sourceTree = "<group>"; };
		499096971BF9254F004EDCC3 /* SPMExtensionDelegate.h */ = {isa = PBXFileReference; lastKnownFileType = sourcecode.c.h; path = SPMExtensionDelegate.h; sourceTree = "<group>"; };
		499096981BF9254F004EDCC3 /* SPMExtensionDelegate.m */ = {isa = PBXFileReference; lastKnownFileType = sourcecode.c.objc; path = SPMExtensionDelegate.m; sourceTree = "<group>"; };
		4990969A1BF9254F004EDCC3 /* SPMGlanceInterfaceController.h */ = {isa = PBXFileReference; lastKnownFileType = sourcecode.c.h; path = SPMGlanceInterfaceController.h; sourceTree = "<group>"; };
		4990969B1BF9254F004EDCC3 /* SPMGlanceInterfaceController.m */ = {isa = PBXFileReference; lastKnownFileType = sourcecode.c.objc; path = SPMGlanceInterfaceController.m; sourceTree = "<group>"; };
		499096A21BF9254F004EDCC3 /* Info.plist */ = {isa = PBXFileReference; lastKnownFileType = text.plist.xml; path = Info.plist; sourceTree = "<group>"; };
		499A2F021C1FC1B400F5AEE4 /* SPMBaseInterfaceController.h */ = {isa = PBXFileReference; fileEncoding = 4; lastKnownFileType = sourcecode.c.h; path = SPMBaseInterfaceController.h; sourceTree = "<group>"; };
		499A2F031C1FC1BE00F5AEE4 /* SPMBaseInterfaceController.m */ = {isa = PBXFileReference; fileEncoding = 4; lastKnownFileType = sourcecode.c.objc; path = SPMBaseInterfaceController.m; sourceTree = "<group>"; };
		49A9CE1B1986DEFE00BB1196 /* ArcGIS.bundle */ = {isa = PBXFileReference; lastKnownFileType = "wrapper.plug-in"; name = ArcGIS.bundle; path = "/Users/marc/Projects/SeattleParkingMap/Seattle Parking Map/../../../Library/SDKs/ArcGIS/iOS/ArcGIS.framework/Versions/Current/Resources/ArcGIS.bundle"; sourceTree = "<absolute>"; };
		49A9CE1D1986F6B300BB1196 /* CHANGELOG.md */ = {isa = PBXFileReference; fileEncoding = 4; lastKnownFileType = text; path = CHANGELOG.md; sourceTree = "<group>"; };
		49B093D91B689D96000960CB /* FlurryWatch.h */ = {isa = PBXFileReference; lastKnownFileType = sourcecode.c.h; path = FlurryWatch.h; sourceTree = "<group>"; };
		49C0D7731BF85A48009057F2 /* LaunchScreen.storyboard */ = {isa = PBXFileReference; fileEncoding = 4; lastKnownFileType = file.storyboard; path = LaunchScreen.storyboard; sourceTree = "<group>"; };
		49C0D7751BF8667D009057F2 /* libFlurry_7.3.0.a */ = {isa = PBXFileReference; lastKnownFileType = archive.ar; path = libFlurry_7.3.0.a; sourceTree = "<group>"; };
		49C23FEE19846F2600898148 /* SPMConstants.h */ = {isa = PBXFileReference; fileEncoding = 4; lastKnownFileType = sourcecode.c.h; path = SPMConstants.h; sourceTree = "<group>"; };
		49C23FEF19847D5900898148 /* Inside Seattle Screenshot Curent Location.gpx */ = {isa = PBXFileReference; lastKnownFileType = text.xml; path = "Inside Seattle Screenshot Curent Location.gpx"; sourceTree = "<group>"; };
		49C23FF019847DE100898148 /* Inside Seattle Screenshot Parking.gpx */ = {isa = PBXFileReference; lastKnownFileType = text.xml; path = "Inside Seattle Screenshot Parking.gpx"; sourceTree = "<group>"; };
		49D3BE931984C3F800BF3F0C /* Flurry.h */ = {isa = PBXFileReference; fileEncoding = 4; lastKnownFileType = sourcecode.c.h; path = Flurry.h; sourceTree = "<group>"; };
		8F78E86D1941288B006B8217 /* SeattleParkingMap.app */ = {isa = PBXFileReference; explicitFileType = wrapper.application; includeInIndex = 0; path = SeattleParkingMap.app; sourceTree = BUILT_PRODUCTS_DIR; };
		8F78E8781941288B006B8217 /* SeattleParkingMap-Info.plist */ = {isa = PBXFileReference; lastKnownFileType = text.plist.xml; path = "SeattleParkingMap-Info.plist"; sourceTree = "<group>"; };
		8F78E87C1941288B006B8217 /* main.m */ = {isa = PBXFileReference; lastKnownFileType = sourcecode.c.objc; path = main.m; sourceTree = "<group>"; };
		8F78E87E1941288B006B8217 /* SeattleParkingMap-Prefix.pch */ = {isa = PBXFileReference; lastKnownFileType = sourcecode.c.h; path = "SeattleParkingMap-Prefix.pch"; sourceTree = "<group>"; };
		8F78E87F1941288B006B8217 /* SPMAppDelegate.h */ = {isa = PBXFileReference; lastKnownFileType = sourcecode.c.h; path = SPMAppDelegate.h; sourceTree = "<group>"; };
		8F78E8801941288B006B8217 /* SPMAppDelegate.m */ = {isa = PBXFileReference; lastKnownFileType = sourcecode.c.objc; path = SPMAppDelegate.m; sourceTree = "<group>"; };
		8F78E8831941288B006B8217 /* Base */ = {isa = PBXFileReference; lastKnownFileType = file.storyboard; name = Base; path = Base.lproj/Main.storyboard; sourceTree = "<group>"; };
		8F78E8881941288B006B8217 /* SPMRootViewController.h */ = {isa = PBXFileReference; lastKnownFileType = sourcecode.c.h; path = SPMRootViewController.h; sourceTree = "<group>"; };
		8F78E8891941288B006B8217 /* SPMRootViewController.m */ = {isa = PBXFileReference; lastKnownFileType = sourcecode.c.objc; path = SPMRootViewController.m; sourceTree = "<group>"; };
		8F78E88B1941288B006B8217 /* Images.xcassets */ = {isa = PBXFileReference; lastKnownFileType = folder.assetcatalog; path = Images.xcassets; sourceTree = "<group>"; };
		8F78E8AD194133F0006B8217 /* Inside Seattle Area.gpx */ = {isa = PBXFileReference; lastKnownFileType = text.xml; path = "Inside Seattle Area.gpx"; sourceTree = "<group>"; };
/* End PBXFileReference section */

/* Begin PBXFrameworksBuildPhase section */
		4990968C1BF9254F004EDCC3 /* Frameworks */ = {
			isa = PBXFrameworksBuildPhase;
			buildActionMask = 2147483647;
			files = (
			);
			runOnlyForDeploymentPostprocessing = 0;
		};
		8F78E86A1941288B006B8217 /* Frameworks */ = {
			isa = PBXFrameworksBuildPhase;
			buildActionMask = 2147483647;
			files = (
				49C0D7761BF8667D009057F2 /* libFlurry_7.3.0.a in Frameworks */,
			);
			runOnlyForDeploymentPostprocessing = 0;
		};
/* End PBXFrameworksBuildPhase section */

/* Begin PBXGroup section */
		493AE6931C1FF6DF00F0AD5C /* Supporting Files */ = {
			isa = PBXGroup;
			children = (
				499096A21BF9254F004EDCC3 /* Info.plist */,
				493AE6921C1FF64700F0AD5C /* SeattleParkingMapWatch-Prefix.pch */,
			);
			name = "Supporting Files";
			sourceTree = "<group>";
		};
		499096841BF9254F004EDCC3 /* SeattleParkingMapWatch */ = {
			isa = PBXGroup;
			children = (
				499096851BF9254F004EDCC3 /* Interface.storyboard */,
				499096881BF9254F004EDCC3 /* Assets.xcassets */,
				4990968A1BF9254F004EDCC3 /* Info.plist */,
			);
			path = SeattleParkingMapWatch;
			sourceTree = "<group>";
		};
		499096931BF9254F004EDCC3 /* SeattleParkingMapWatch Extension */ = {
			isa = PBXGroup;
			children = (
				499096971BF9254F004EDCC3 /* SPMExtensionDelegate.h */,
				499096981BF9254F004EDCC3 /* SPMExtensionDelegate.m */,
				499A2F021C1FC1B400F5AEE4 /* SPMBaseInterfaceController.h */,
				499A2F031C1FC1BE00F5AEE4 /* SPMBaseInterfaceController.m */,
				499096941BF9254F004EDCC3 /* SPMParkInterfaceController.h */,
				499096951BF9254F004EDCC3 /* SPMParkInterfaceController.m */,
				490F0D381C13F9590086504A /* SPMMapInterfaceController.h */,
				490F0D391C13F9590086504A /* SPMMapInterfaceController.m */,
				4990969A1BF9254F004EDCC3 /* SPMGlanceInterfaceController.h */,
				4990969B1BF9254F004EDCC3 /* SPMGlanceInterfaceController.m */,
				493AE68F1C1FF4B500F0AD5C /* WKInterfaceMap+SPM.h */,
				493AE6901C1FF4B500F0AD5C /* WKInterfaceMap+SPM.m */,
				493AE6991C211CD400F0AD5C /* WKInterfaceController+SPM.h */,
				493AE69A1C211CDD00F0AD5C /* WKInterfaceController+SPM.m */,
				493AE6931C1FF6DF00F0AD5C /* Supporting Files */,
			);
			path = "SeattleParkingMapWatch Extension";
			sourceTree = "<group>";
		};
		49A9CE1F1986F73E00BB1196 /* ArcGIS */ = {
			isa = PBXGroup;
			children = (
				49A9CE1B1986DEFE00BB1196 /* ArcGIS.bundle */,
			);
			name = ArcGIS;
			sourceTree = "<group>";
		};
		49A9CE201986F75C00BB1196 /* Location Simulation */ = {
			isa = PBXGroup;
			children = (
				8F78E8AD194133F0006B8217 /* Inside Seattle Area.gpx */,
				49C23FEF19847D5900898148 /* Inside Seattle Screenshot Curent Location.gpx */,
				49C23FF019847DE100898148 /* Inside Seattle Screenshot Parking.gpx */,
				494A2E03198237A400ADAC90 /* Outside Seattle Area.gpx */,
				494A2E01198230AF00ADAC90 /* Outside Map Area.gpx */,
			);
			name = "Location Simulation";
			sourceTree = "<group>";
		};
		49D3BE921984C3F800BF3F0C /* Flurry */ = {
			isa = PBXGroup;
			children = (
				49D3BE931984C3F800BF3F0C /* Flurry.h */,
				49B093D91B689D96000960CB /* FlurryWatch.h */,
				49C0D7751BF8667D009057F2 /* libFlurry_7.3.0.a */,
			);
			path = Flurry;
			sourceTree = "<group>";
		};
		8F78E8641941288A006B8217 = {
			isa = PBXGroup;
			children = (
				8F78E8761941288B006B8217 /* SeattleParkingMap */,
				499096841BF9254F004EDCC3 /* SeattleParkingMapWatch */,
				499096931BF9254F004EDCC3 /* SeattleParkingMapWatch Extension */,
				8F78E86E1941288B006B8217 /* Products */,
			);
			sourceTree = "<group>";
		};
		8F78E86E1941288B006B8217 /* Products */ = {
			isa = PBXGroup;
			children = (
				8F78E86D1941288B006B8217 /* SeattleParkingMap.app */,
				499096831BF9254F004EDCC3 /* SeattleParkingMapWatch.app */,
				4990968F1BF9254F004EDCC3 /* SeattleParkingMapWatch Extension.appex */,
			);
			name = Products;
			sourceTree = "<group>";
		};
		8F78E8761941288B006B8217 /* SeattleParkingMap */ = {
			isa = PBXGroup;
			children = (
				494A2DFF19822FBC00ADAC90 /* README.md */,
				49A9CE1D1986F6B300BB1196 /* CHANGELOG.md */,
				49C23FEE19846F2600898148 /* SPMConstants.h */,
				8F78E87F1941288B006B8217 /* SPMAppDelegate.h */,
				8F78E8801941288B006B8217 /* SPMAppDelegate.m */,
				8F78E8881941288B006B8217 /* SPMRootViewController.h */,
				8F78E8891941288B006B8217 /* SPMRootViewController.m */,
				49134FBE194C66EF00250042 /* SPMInformationTableViewController.h */,
				49134FBF194C66EF00250042 /* SPMInformationTableViewController.m */,
				8F78E8821941288B006B8217 /* Main.storyboard */,
				49C0D7731BF85A48009057F2 /* LaunchScreen.storyboard */,
				8F78E88B1941288B006B8217 /* Images.xcassets */,
				49A9CE1F1986F73E00BB1196 /* ArcGIS */,
				49D3BE921984C3F800BF3F0C /* Flurry */,
				49A9CE201986F75C00BB1196 /* Location Simulation */,
				8F78E8771941288B006B8217 /* Supporting Files */,
			);
			path = SeattleParkingMap;
			sourceTree = "<group>";
		};
		8F78E8771941288B006B8217 /* Supporting Files */ = {
			isa = PBXGroup;
			children = (
				8F78E8781941288B006B8217 /* SeattleParkingMap-Info.plist */,
				8F78E87C1941288B006B8217 /* main.m */,
				8F78E87E1941288B006B8217 /* SeattleParkingMap-Prefix.pch */,
			);
			name = "Supporting Files";
			sourceTree = "<group>";
		};
/* End PBXGroup section */

/* Begin PBXNativeTarget section */
		499096821BF9254F004EDCC3 /* SeattleParkingMapWatch */ = {
			isa = PBXNativeTarget;
			buildConfigurationList = 499096AC1BF9254F004EDCC3 /* Build configuration list for PBXNativeTarget "SeattleParkingMapWatch" */;
			buildPhases = (
				499096811BF9254F004EDCC3 /* Resources */,
				499096AB1BF9254F004EDCC3 /* Embed App Extensions */,
			);
			buildRules = (
			);
			dependencies = (
				499096921BF9254F004EDCC3 /* PBXTargetDependency */,
			);
			name = SeattleParkingMapWatch;
			productName = SeattleParkingMapWatch;
			productReference = 499096831BF9254F004EDCC3 /* SeattleParkingMapWatch.app */;
			productType = "com.apple.product-type.application.watchapp2";
		};
		4990968E1BF9254F004EDCC3 /* SeattleParkingMapWatch Extension */ = {
			isa = PBXNativeTarget;
			buildConfigurationList = 499096AA1BF9254F004EDCC3 /* Build configuration list for PBXNativeTarget "SeattleParkingMapWatch Extension" */;
			buildPhases = (
				4990968B1BF9254F004EDCC3 /* Sources */,
				4990968C1BF9254F004EDCC3 /* Frameworks */,
				4990968D1BF9254F004EDCC3 /* Resources */,
			);
			buildRules = (
			);
			dependencies = (
			);
			name = "SeattleParkingMapWatch Extension";
			productName = "SeattleParkingMapWatch Extension";
			productReference = 4990968F1BF9254F004EDCC3 /* SeattleParkingMapWatch Extension.appex */;
			productType = "com.apple.product-type.watchkit2-extension";
		};
		8F78E86C1941288B006B8217 /* SeattleParkingMap */ = {
			isa = PBXNativeTarget;
			buildConfigurationList = 8F78E8A21941288B006B8217 /* Build configuration list for PBXNativeTarget "SeattleParkingMap" */;
			buildPhases = (
				8F78E8691941288B006B8217 /* Sources */,
				8F78E86A1941288B006B8217 /* Frameworks */,
				8F78E86B1941288B006B8217 /* Resources */,
				499096AD1BF9254F004EDCC3 /* Embed Watch Content */,
			);
			buildRules = (
			);
			dependencies = (
				499096A41BF9254F004EDCC3 /* PBXTargetDependency */,
			);
			name = SeattleParkingMap;
			productName = "Seattle Parking Map";
			productReference = 8F78E86D1941288B006B8217 /* SeattleParkingMap.app */;
			productType = "com.apple.product-type.application";
		};
/* End PBXNativeTarget section */

/* Begin PBXProject section */
		8F78E8651941288A006B8217 /* Project object */ = {
			isa = PBXProject;
			attributes = {
				CLASSPREFIX = SPM;
				LastUpgradeCheck = 0710;
				ORGANIZATIONNAME = "Tap Light Software";
				TargetAttributes = {
					499096821BF9254F004EDCC3 = {
						CreatedOnToolsVersion = 7.1.1;
						DevelopmentTeam = GBLBH9THKY;
					};
					4990968E1BF9254F004EDCC3 = {
						CreatedOnToolsVersion = 7.1.1;
						DevelopmentTeam = GBLBH9THKY;
					};
					8F78E86C1941288B006B8217 = {
						DevelopmentTeam = GBLBH9THKY;
					};
				};
			};
			buildConfigurationList = 8F78E8681941288A006B8217 /* Build configuration list for PBXProject "SeattleParkingMap" */;
			compatibilityVersion = "Xcode 3.2";
			developmentRegion = English;
			hasScannedForEncodings = 0;
			knownRegions = (
				en,
				Base,
			);
			mainGroup = 8F78E8641941288A006B8217;
			productRefGroup = 8F78E86E1941288B006B8217 /* Products */;
			projectDirPath = "";
			projectRoot = "";
			targets = (
				8F78E86C1941288B006B8217 /* SeattleParkingMap */,
				499096821BF9254F004EDCC3 /* SeattleParkingMapWatch */,
				4990968E1BF9254F004EDCC3 /* SeattleParkingMapWatch Extension */,
			);
		};
/* End PBXProject section */

/* Begin PBXResourcesBuildPhase section */
		499096811BF9254F004EDCC3 /* Resources */ = {
			isa = PBXResourcesBuildPhase;
			buildActionMask = 2147483647;
			files = (
				499096891BF9254F004EDCC3 /* Assets.xcassets in Resources */,
				499096871BF9254F004EDCC3 /* Interface.storyboard in Resources */,
			);
			runOnlyForDeploymentPostprocessing = 0;
		};
		4990968D1BF9254F004EDCC3 /* Resources */ = {
			isa = PBXResourcesBuildPhase;
			buildActionMask = 2147483647;
			files = (
			);
			runOnlyForDeploymentPostprocessing = 0;
		};
		8F78E86B1941288B006B8217 /* Resources */ = {
			isa = PBXResourcesBuildPhase;
			buildActionMask = 2147483647;
			files = (
				8F78E88C1941288B006B8217 /* Images.xcassets in Resources */,
				49C23FF91984B12F00898148 /* Main.storyboard in Resources */,
				49C0D7741BF85A48009057F2 /* LaunchScreen.storyboard in Resources */,
				49A9CE1C1986DEFE00BB1196 /* ArcGIS.bundle in Resources */,
			);
			runOnlyForDeploymentPostprocessing = 0;
		};
/* End PBXResourcesBuildPhase section */

/* Begin PBXSourcesBuildPhase section */
		4990968B1BF9254F004EDCC3 /* Sources */ = {
			isa = PBXSourcesBuildPhase;
			buildActionMask = 2147483647;
			files = (
				490F0D3A1C13F9590086504A /* SPMMapInterfaceController.m in Sources */,
				499096991BF9254F004EDCC3 /* SPMExtensionDelegate.m in Sources */,
				499A2F041C1FC1BE00F5AEE4 /* SPMBaseInterfaceController.m in Sources */,
				493AE69B1C211CDD00F0AD5C /* WKInterfaceController+SPM.m in Sources */,
				499096961BF9254F004EDCC3 /* SPMParkInterfaceController.m in Sources */,
				493AE6911C1FF4B500F0AD5C /* WKInterfaceMap+SPM.m in Sources */,
				4990969C1BF9254F004EDCC3 /* SPMGlanceInterfaceController.m in Sources */,
			);
			runOnlyForDeploymentPostprocessing = 0;
		};
		8F78E8691941288B006B8217 /* Sources */ = {
			isa = PBXSourcesBuildPhase;
			buildActionMask = 2147483647;
			files = (
				8F78E87D1941288B006B8217 /* main.m in Sources */,
				8F78E8811941288B006B8217 /* SPMAppDelegate.m in Sources */,
				8F78E8AA19412AC9006B8217 /* SPMRootViewController.m in Sources */,
				49134FC0194C66EF00250042 /* SPMInformationTableViewController.m in Sources */,
			);
			runOnlyForDeploymentPostprocessing = 0;
		};
/* End PBXSourcesBuildPhase section */

/* Begin PBXTargetDependency section */
		499096921BF9254F004EDCC3 /* PBXTargetDependency */ = {
			isa = PBXTargetDependency;
			target = 4990968E1BF9254F004EDCC3 /* SeattleParkingMapWatch Extension */;
			targetProxy = 499096911BF9254F004EDCC3 /* PBXContainerItemProxy */;
		};
		499096A41BF9254F004EDCC3 /* PBXTargetDependency */ = {
			isa = PBXTargetDependency;
			target = 499096821BF9254F004EDCC3 /* SeattleParkingMapWatch */;
			targetProxy = 499096A31BF9254F004EDCC3 /* PBXContainerItemProxy */;
		};
/* End PBXTargetDependency section */

/* Begin PBXVariantGroup section */
		499096851BF9254F004EDCC3 /* Interface.storyboard */ = {
			isa = PBXVariantGroup;
			children = (
				499096861BF9254F004EDCC3 /* Base */,
			);
			name = Interface.storyboard;
			sourceTree = "<group>";
		};
		8F78E8821941288B006B8217 /* Main.storyboard */ = {
			isa = PBXVariantGroup;
			children = (
				8F78E8831941288B006B8217 /* Base */,
			);
			name = Main.storyboard;
			sourceTree = "<group>";
		};
/* End PBXVariantGroup section */

/* Begin XCBuildConfiguration section */
		499096A61BF9254F004EDCC3 /* Debug */ = {
			isa = XCBuildConfiguration;
			buildSettings = {
				ASSETCATALOG_COMPILER_APPICON_NAME = AppIcon;
				CLANG_WARN_UNREACHABLE_CODE = YES;
				CODE_SIGN_IDENTITY = "iPhone Developer";
				DEBUG_INFORMATION_FORMAT = dwarf;
				ENABLE_STRICT_OBJC_MSGSEND = YES;
				GCC_NO_COMMON_BLOCKS = YES;
				IBSC_MODULE = SeattleParkingMapWatch_Extension;
				INFOPLIST_FILE = SeattleParkingMapWatch/Info.plist;
				MTL_ENABLE_DEBUG_INFO = YES;
				PRODUCT_BUNDLE_IDENTIFIER = com.taplightsoftware.SeattleParkingMap.watchkitapp;
				PRODUCT_NAME = "$(TARGET_NAME)";
				SDKROOT = watchos;
				SKIP_INSTALL = YES;
				TARGETED_DEVICE_FAMILY = 4;
				WATCHOS_DEPLOYMENT_TARGET = 2.0;
			};
			name = Debug;
		};
		499096A71BF9254F004EDCC3 /* Release */ = {
			isa = XCBuildConfiguration;
			buildSettings = {
				ASSETCATALOG_COMPILER_APPICON_NAME = AppIcon;
				CLANG_WARN_UNREACHABLE_CODE = YES;
				CODE_SIGN_IDENTITY = "iPhone Developer";
				DEBUG_INFORMATION_FORMAT = "dwarf-with-dsym";
				ENABLE_STRICT_OBJC_MSGSEND = YES;
				GCC_NO_COMMON_BLOCKS = YES;
				IBSC_MODULE = SeattleParkingMapWatch_Extension;
				INFOPLIST_FILE = SeattleParkingMapWatch/Info.plist;
				MTL_ENABLE_DEBUG_INFO = NO;
				PRODUCT_BUNDLE_IDENTIFIER = com.taplightsoftware.SeattleParkingMap.watchkitapp;
				PRODUCT_NAME = "$(TARGET_NAME)";
				SDKROOT = watchos;
				SKIP_INSTALL = YES;
				TARGETED_DEVICE_FAMILY = 4;
				WATCHOS_DEPLOYMENT_TARGET = 2.0;
			};
			name = Release;
		};
		499096A81BF9254F004EDCC3 /* Debug */ = {
			isa = XCBuildConfiguration;
			buildSettings = {
				CLANG_WARN_UNREACHABLE_CODE = YES;
				CODE_SIGN_IDENTITY = "iPhone Developer";
				DEBUG_INFORMATION_FORMAT = dwarf;
				ENABLE_STRICT_OBJC_MSGSEND = YES;
				GCC_NO_COMMON_BLOCKS = YES;
				GCC_PRECOMPILE_PREFIX_HEADER = YES;
				GCC_PREFIX_HEADER = "SeattleParkingMapWatch Extension/SeattleParkingMapWatch-Prefix.pch";
				INFOPLIST_FILE = "SeattleParkingMapWatch Extension/Info.plist";
				LD_RUNPATH_SEARCH_PATHS = "$(inherited) @executable_path/Frameworks @executable_path/../../Frameworks";
				MTL_ENABLE_DEBUG_INFO = YES;
				PRODUCT_BUNDLE_IDENTIFIER = com.taplightsoftware.SeattleParkingMap.watchkitapp.watchkitextension;
				PRODUCT_NAME = "${TARGET_NAME}";
				SDKROOT = watchos;
				SKIP_INSTALL = YES;
				TARGETED_DEVICE_FAMILY = 4;
				WATCHOS_DEPLOYMENT_TARGET = 2.0;
			};
			name = Debug;
		};
		499096A91BF9254F004EDCC3 /* Release */ = {
			isa = XCBuildConfiguration;
			buildSettings = {
				CLANG_WARN_UNREACHABLE_CODE = YES;
				CODE_SIGN_IDENTITY = "iPhone Developer";
				DEBUG_INFORMATION_FORMAT = "dwarf-with-dsym";
				ENABLE_STRICT_OBJC_MSGSEND = YES;
				GCC_NO_COMMON_BLOCKS = YES;
				GCC_PRECOMPILE_PREFIX_HEADER = YES;
				GCC_PREFIX_HEADER = "SeattleParkingMapWatch Extension/SeattleParkingMapWatch-Prefix.pch";
				INFOPLIST_FILE = "SeattleParkingMapWatch Extension/Info.plist";
				LD_RUNPATH_SEARCH_PATHS = "$(inherited) @executable_path/Frameworks @executable_path/../../Frameworks";
				MTL_ENABLE_DEBUG_INFO = NO;
				PRODUCT_BUNDLE_IDENTIFIER = com.taplightsoftware.SeattleParkingMap.watchkitapp.watchkitextension;
				PRODUCT_NAME = "${TARGET_NAME}";
				SDKROOT = watchos;
				SKIP_INSTALL = YES;
				TARGETED_DEVICE_FAMILY = 4;
				WATCHOS_DEPLOYMENT_TARGET = 2.0;
			};
			name = Release;
		};
		8F78E8A01941288B006B8217 /* Debug */ = {
			isa = XCBuildConfiguration;
			buildSettings = {
				ALWAYS_SEARCH_USER_PATHS = NO;
				CLANG_CXX_LANGUAGE_STANDARD = "gnu++0x";
				CLANG_CXX_LIBRARY = "libc++";
				CLANG_ENABLE_MODULES = YES;
				CLANG_ENABLE_OBJC_ARC = YES;
				CLANG_WARN_BOOL_CONVERSION = YES;
				CLANG_WARN_CONSTANT_CONVERSION = YES;
				CLANG_WARN_DIRECT_OBJC_ISA_USAGE = YES_ERROR;
				CLANG_WARN_EMPTY_BODY = YES;
				CLANG_WARN_ENUM_CONVERSION = YES;
				CLANG_WARN_INT_CONVERSION = YES;
				CLANG_WARN_OBJC_ROOT_CLASS = YES_ERROR;
				CLANG_WARN__DUPLICATE_METHOD_MATCH = YES;
				"CODE_SIGN_IDENTITY[sdk=iphoneos*]" = "iPhone Developer";
				COPY_PHASE_STRIP = NO;
				DEBUG_INFORMATION_FORMAT = dwarf;
				ENABLE_TESTABILITY = YES;
				GCC_C_LANGUAGE_STANDARD = gnu99;
				GCC_DYNAMIC_NO_PIC = NO;
				GCC_NO_COMMON_BLOCKS = YES;
				GCC_OPTIMIZATION_LEVEL = 0;
				GCC_PREPROCESSOR_DEFINITIONS = (
					"DEBUG=1",
					"$(inherited)",
				);
				GCC_SYMBOLS_PRIVATE_EXTERN = NO;
				GCC_WARN_64_TO_32_BIT_CONVERSION = YES;
				GCC_WARN_ABOUT_RETURN_TYPE = YES_ERROR;
				GCC_WARN_UNDECLARED_SELECTOR = YES;
				GCC_WARN_UNINITIALIZED_AUTOS = YES_AGGRESSIVE;
				GCC_WARN_UNUSED_FUNCTION = YES;
				GCC_WARN_UNUSED_VARIABLE = YES;
				IPHONEOS_DEPLOYMENT_TARGET = 8.0;
				ONLY_ACTIVE_ARCH = YES;
				SDKROOT = iphoneos;
				TARGETED_DEVICE_FAMILY = "1,2";
				WARNING_CFLAGS = "";
			};
			name = Debug;
		};
		8F78E8A11941288B006B8217 /* Release */ = {
			isa = XCBuildConfiguration;
			buildSettings = {
				ALWAYS_SEARCH_USER_PATHS = NO;
				CLANG_CXX_LANGUAGE_STANDARD = "gnu++0x";
				CLANG_CXX_LIBRARY = "libc++";
				CLANG_ENABLE_MODULES = YES;
				CLANG_ENABLE_OBJC_ARC = YES;
				CLANG_WARN_BOOL_CONVERSION = YES;
				CLANG_WARN_CONSTANT_CONVERSION = YES;
				CLANG_WARN_DIRECT_OBJC_ISA_USAGE = YES_ERROR;
				CLANG_WARN_EMPTY_BODY = YES;
				CLANG_WARN_ENUM_CONVERSION = YES;
				CLANG_WARN_INT_CONVERSION = YES;
				CLANG_WARN_OBJC_ROOT_CLASS = YES_ERROR;
				CLANG_WARN__DUPLICATE_METHOD_MATCH = YES;
				"CODE_SIGN_IDENTITY[sdk=iphoneos*]" = "iPhone Distribution";
				COPY_PHASE_STRIP = NO;
				DEBUG_INFORMATION_FORMAT = "dwarf-with-dsym";
				ENABLE_NS_ASSERTIONS = NO;
				GCC_C_LANGUAGE_STANDARD = gnu99;
				GCC_NO_COMMON_BLOCKS = YES;
				GCC_WARN_64_TO_32_BIT_CONVERSION = YES;
				GCC_WARN_ABOUT_RETURN_TYPE = YES_ERROR;
				GCC_WARN_UNDECLARED_SELECTOR = YES;
				GCC_WARN_UNINITIALIZED_AUTOS = YES_AGGRESSIVE;
				GCC_WARN_UNUSED_FUNCTION = YES;
				GCC_WARN_UNUSED_VARIABLE = YES;
				IPHONEOS_DEPLOYMENT_TARGET = 8.0;
				SDKROOT = iphoneos;
				TARGETED_DEVICE_FAMILY = "1,2";
				VALIDATE_PRODUCT = YES;
				WARNING_CFLAGS = "";
			};
			name = Release;
		};
		8F78E8A31941288B006B8217 /* Debug */ = {
			isa = XCBuildConfiguration;
			buildSettings = {
				ASSETCATALOG_COMPILER_APPICON_NAME = AppIcon;
				CODE_SIGN_IDENTITY = "iPhone Developer";
				ENABLE_BITCODE = NO;
				FRAMEWORK_SEARCH_PATHS = "$(HOME)/Library/SDKs/ArcGIS/iOS/";
				GCC_PRECOMPILE_PREFIX_HEADER = YES;
				GCC_PREFIX_HEADER = "SeattleParkingMap/SeattleParkingMap-Prefix.pch";
				INFOPLIST_FILE = "SeattleParkingMap/SeattleParkingMap-Info.plist";
				IPHONEOS_DEPLOYMENT_TARGET = 8.0;
				LIBRARY_SEARCH_PATHS = (
					"$(inherited)",
					"\"$(PROJECT_DIR)/SeattleParkingMap/Flurry\"",
					"$(PROJECT_DIR)/SeattleParkingMap/Flurry",
				);
				OTHER_LDFLAGS = (
					"-ObjC",
					"-framework",
					ArcGIS,
					"-l",
					"c++",
				);
				PRODUCT_BUNDLE_IDENTIFIER = "com.taplightsoftware.${PRODUCT_NAME:rfc1034identifier}";
				PRODUCT_NAME = "$(TARGET_NAME)";
				WRAPPER_EXTENSION = app;
			};
			name = Debug;
		};
		8F78E8A41941288B006B8217 /* Release */ = {
			isa = XCBuildConfiguration;
			buildSettings = {
				ASSETCATALOG_COMPILER_APPICON_NAME = AppIcon;
				CODE_SIGN_IDENTITY = "iPhone Developer";
				ENABLE_BITCODE = NO;
				FRAMEWORK_SEARCH_PATHS = "$(HOME)/Library/SDKs/ArcGIS/iOS/";
				GCC_PRECOMPILE_PREFIX_HEADER = YES;
				GCC_PREFIX_HEADER = "SeattleParkingMap/SeattleParkingMap-Prefix.pch";
				INFOPLIST_FILE = "SeattleParkingMap/SeattleParkingMap-Info.plist";
				IPHONEOS_DEPLOYMENT_TARGET = 8.0;
				LIBRARY_SEARCH_PATHS = (
					"$(inherited)",
					"\"$(PROJECT_DIR)/SeattleParkingMap/Flurry\"",
					"$(PROJECT_DIR)/SeattleParkingMap/Flurry",
				);
				OTHER_LDFLAGS = (
					"-ObjC",
					"-framework",
					ArcGIS,
					"-l",
					"c++",
				);
				PRODUCT_BUNDLE_IDENTIFIER = "com.taplightsoftware.${PRODUCT_NAME:rfc1034identifier}";
				PRODUCT_NAME = "$(TARGET_NAME)";
				WRAPPER_EXTENSION = app;
			};
			name = Release;
		};
/* End XCBuildConfiguration section */

/* Begin XCConfigurationList section */
		499096AA1BF9254F004EDCC3 /* Build configuration list for PBXNativeTarget "SeattleParkingMapWatch Extension" */ = {
			isa = XCConfigurationList;
			buildConfigurations = (
				499096A81BF9254F004EDCC3 /* Debug */,
				499096A91BF9254F004EDCC3 /* Release */,
			);
			defaultConfigurationIsVisible = 0;
			defaultConfigurationName = Release;
		};
		499096AC1BF9254F004EDCC3 /* Build configuration list for PBXNativeTarget "SeattleParkingMapWatch" */ = {
			isa = XCConfigurationList;
			buildConfigurations = (
				499096A61BF9254F004EDCC3 /* Debug */,
				499096A71BF9254F004EDCC3 /* Release */,
			);
			defaultConfigurationIsVisible = 0;
			defaultConfigurationName = Release;
		};
		8F78E8681941288A006B8217 /* Build configuration list for PBXProject "SeattleParkingMap" */ = {
			isa = XCConfigurationList;
			buildConfigurations = (
				8F78E8A01941288B006B8217 /* Debug */,
				8F78E8A11941288B006B8217 /* Release */,
			);
			defaultConfigurationIsVisible = 0;
			defaultConfigurationName = Release;
		};
		8F78E8A21941288B006B8217 /* Build configuration list for PBXNativeTarget "SeattleParkingMap" */ = {
			isa = XCConfigurationList;
			buildConfigurations = (
				8F78E8A31941288B006B8217 /* Debug */,
				8F78E8A41941288B006B8217 /* Release */,
			);
			defaultConfigurationIsVisible = 0;
			defaultConfigurationName = Release;
		};
/* End XCConfigurationList section */
	};
	rootObject = 8F78E8651941288A006B8217 /* Project object */;
}
